
Microsoft Visual Studio Solution File, Format Version 12.00
# Visual Studio 15
VisualStudioVersion = 15.0.27004.2006
MinimumVisualStudioVersion = 10.0.40219.1
Project("{FAE04EC0-301F-11D3-BF4B-00C04F79EFBC}") = "CameraShop.Web", "CameraShop.Web\CameraShop.Web.csproj", "{895EB2F4-1570-4082-850A-5FE76D35DC4E}"
EndProject
Global
	GlobalSection(SolutionConfigurationPlatforms) = preSolution
		Debug|Any CPU = Debug|Any CPU
		Release|Any CPU = Release|Any CPU
	EndGlobalSection
	GlobalSection(ProjectConfigurationPlatforms) = postSolution
		{895EB2F4-1570-4082-850A-5FE76D35DC4E}.Debug|Any CPU.ActiveCfg = Debug|Any CPU
		{895EB2F4-1570-4082-850A-5FE76D35DC4E}.Debug|Any CPU.Build.0 = Debug|Any CPU
		{895EB2F4-1570-4082-850A-5FE76D35DC4E}.Release|Any CPU.ActiveCfg = Release|Any CPU
		{895EB2F4-1570-4082-850A-5FE76D35DC4E}.Release|Any CPU.Build.0 = Release|Any CPU
	EndGlobalSection
	GlobalSection(SolutionProperties) = preSolution
		HideSolutionNode = FALSE
	EndGlobalSection
	GlobalSection(ExtensibilityGlobals) = postSolution
		SolutionGuid = {70EBD31D-F976-4C53-8D08-6597D5DD84E8}
	EndGlobalSection
EndGlobal
